
Microsoft Visual Studio Solution File, Format Version 12.00
# Visual Studio Version 17
VisualStudioVersion = 17.8.34004.107
MinimumVisualStudioVersion = 10.0.40219.1
Project("{FAE04EC0-301F-11D3-BF4B-00C04F79EFBC}") = "BulkyWeb", "BulkyWeb\BulkyWeb.csproj", "{693E0377-33DA-4A8B-9186-1175BB8AD9A1}"
EndProject
Global
	GlobalSection(SolutionConfigurationPlatforms) = preSolution
		Debug|Any CPU = Debug|Any CPU
		Release|Any CPU = Release|Any CPU
	EndGlobalSection
	GlobalSection(ProjectConfigurationPlatforms) = postSolution
		{693E0377-33DA-4A8B-9186-1175BB8AD9A1}.Debug|Any CPU.ActiveCfg = Debug|Any CPU
		{693E0377-33DA-4A8B-9186-1175BB8AD9A1}.Debug|Any CPU.Build.0 = Debug|Any CPU
		{693E0377-33DA-4A8B-9186-1175BB8AD9A1}.Release|Any CPU.ActiveCfg = Release|Any CPU
		{693E0377-33DA-4A8B-9186-1175BB8AD9A1}.Release|Any CPU.Build.0 = Release|Any CPU
	EndGlobalSection
	GlobalSection(SolutionProperties) = preSolution
		HideSolutionNode = FALSE
	EndGlobalSection
	GlobalSection(ExtensibilityGlobals) = postSolution
		SolutionGuid = {4D12D825-99B6-47E6-AF9F-866F5F3E65CD}
	EndGlobalSection
EndGlobal
